
Microsoft Visual Studio Solution File, Format Version 12.00
# Visual Studio Version 17
VisualStudioVersion = 17.4.33205.214
MinimumVisualStudioVersion = 10.0.40219.1
Project("{9A19103F-16F7-4668-BE54-9A1E7A4F7556}") = "FontC", "FontC\FontC.csproj", "{32C6CB98-4AA0-4DB1-901A-100EE1948ECB}"
EndProject
Project("{2150E333-8FDC-42A3-9474-1A3956D46DE8}") = "Solution Items", "Solution Items", "{378AC1FA-BD2B-4305-A501-47F5290EEA97}"
	ProjectSection(SolutionItems) = preProject
		.gitignore = .gitignore
		LICENSE.md = LICENSE.md
	EndProjectSection
EndProject
Global
	GlobalSection(SolutionConfigurationPlatforms) = preSolution
		Debug|Any CPU = Debug|Any CPU
		Release|Any CPU = Release|Any CPU
	EndGlobalSection
	GlobalSection(ProjectConfigurationPlatforms) = postSolution
		{32C6CB98-4AA0-4DB1-901A-100EE1948ECB}.Debug|Any CPU.ActiveCfg = Debug|Any CPU
		{32C6CB98-4AA0-4DB1-901A-100EE1948ECB}.Debug|Any CPU.Build.0 = Debug|Any CPU
		{32C6CB98-4AA0-4DB1-901A-100EE1948ECB}.Release|Any CPU.ActiveCfg = Release|Any CPU
		{32C6CB98-4AA0-4DB1-901A-100EE1948ECB}.Release|Any CPU.Build.0 = Release|Any CPU
	EndGlobalSection
	GlobalSection(SolutionProperties) = preSolution
		HideSolutionNode = FALSE
	EndGlobalSection
	GlobalSection(ExtensibilityGlobals) = postSolution
		SolutionGuid = {F2A4EE98-FCA8-418E-A6AE-7008F24DBCF6}
	EndGlobalSection
EndGlobal
